Microsoft Visual Studio Solution File, Format Version 12.00
# Visual Studio Version 17
VisualStudioVersion = 17.5.2.0
MinimumVisualStudioVersion = 10.0.40219.1
Project("{FAE04EC0-301F-11D3-BF4B-00C04F79EFBC}") = "TrapAnalyzer", "TrapAnalyzer.csproj", "{B782C131-413F-6210-531D-67AE1A7F969B}"
EndProject
Global
	GlobalSection(SolutionConfigurationPlatforms) = preSolution
		Debug|Any CPU = Debug|Any CPU
		Release|Any CPU = Release|Any CPU
	EndGlobalSection
	GlobalSection(ProjectConfigurationPlatforms) = postSolution
		{B782C131-413F-6210-531D-67AE1A7F969B}.Debug|Any CPU.ActiveCfg = Debug|Any CPU
		{B782C131-413F-6210-531D-67AE1A7F969B}.Debug|Any CPU.Build.0 = Debug|Any CPU
		{B782C131-413F-6210-531D-67AE1A7F969B}.Release|Any CPU.ActiveCfg = Release|Any CPU
		{B782C131-413F-6210-531D-67AE1A7F969B}.Release|Any CPU.Build.0 = Release|Any CPU
	EndGlobalSection
	GlobalSection(SolutionProperties) = preSolution
		HideSolutionNode = FALSE
	EndGlobalSection
	GlobalSection(ExtensibilityGlobals) = postSolution
		SolutionGuid = {5BC01C66-2091-49D3-AFCF-F2E11A0229B3}
	EndGlobalSection
EndGlobal
